// !$*UTF8*$!
{
	archiveVersion = 1;
	classes = {
	};
	objectVersion = 46;
	objects = {

/* Begin PBXBuildFile section */
		FD757A781D7E1B5A0046FD6C /* AppDelegate.swift in Sources */ = {isa = PBXBuildFile; fileRef = FD757A771D7E1B5A0046FD6C /* AppDelegate.swift */; };
		FD757A7A1D7E1B5A0046FD6C /* ViewController.swift in Sources */ = {isa = PBXBuildFile; fileRef = FD757A791D7E1B5A0046FD6C /* ViewController.swift */; };
		FD757A7D1D7E1B5A0046FD6C /* Main.storyboard in Resources */ = {isa = PBXBuildFile; fileRef = FD757A7B1D7E1B5A0046FD6C /* Main.storyboard */; };
		FD757A7F1D7E1B5A0046FD6C /* Assets.xcassets in Resources */ = {isa = PBXBuildFile; fileRef = FD757A7E1D7E1B5A0046FD6C /* Assets.xcassets */; };
		FD757A821D7E1B5A0046FD6C /* LaunchScreen.storyboard in Resources */ = {isa = PBXBuildFile; fileRef = FD757A801D7E1B5A0046FD6C /* LaunchScreen.storyboard */; };
		FDA4F5621D818CEF0026E9CD /* DefinitionViewController.swift in Sources */ = {isa = PBXBuildFile; fileRef = FDA4F5611D818CEF0026E9CD /* DefinitionViewController.swift */; };
/* End PBXBuildFile section */

/* Begin PBXFileReference section */
		FD757A741D7E1B5A0046FD6C /* Emoji Dictionary.app */ = {isa = PBXFileReference; explicitFileType = wrapper.application; includeInIndex = 0; path = "Emoji Dictionary.app"; sourceTree = BUILT_PRODUCTS_DIR; };
		FD757A771D7E1B5A0046FD6C /* AppDelegate.swift */ = {isa = PBXFileReference; lastKnownFileType = sourcecode.swift; path = AppDelegate.swift; sourceTree = "<group>"; };
		FD757A791D7E1B5A0046FD6C /* ViewController.swift */ = {isa = PBXFileReference; lastKnownFileType = sourcecode.swift; path = ViewController.swift; sourceTree = "<group>"; };
		FD757A7C1D7E1B5A0046FD6C /* Base */ = {isa = PBXFileReference; lastKnownFileType = file.storyboard; name = Base; path = Base.lproj/Main.storyboard; sourceTree = "<group>"; };
		FD757A7E1D7E1B5A0046FD6C /* Assets.xcassets */ = {isa = PBXFileReference; lastKnownFileType = folder.assetcatalog; path = Assets.xcassets; sourceTree = "<group>"; };
		FD757A811D7E1B5A0046FD6C /* Base */ = {isa = PBXFileReference; lastKnownFileType = file.storyboard; name = Base; path = Base.lproj/LaunchScreen.storyboard; sourceTree = "<group>"; };
		FD757A831D7E1B5A0046FD6C /* Info.plist */ = {isa = PBXFileReference; lastKnownFileType = text.plist.xml; path = Info.plist; sourceTree = "<group>"; };
		FDA4F5611D818CEF0026E9CD /* DefinitionViewController.swift */ = {isa = PBXFileReference; fileEncoding = 4; lastKnownFileType = sourcecode.swift; path = DefinitionViewController.swift; sourceTree = "<group>"; };
/* End PBXFileReference section */

/* Begin PBXFrameworksBuildPhase section */
		FD757A711D7E1B5A0046FD6C /* Frameworks */ = {
			isa = PBXFrameworksBuildPhase;
			buildActionMask = 2147483647;
			files = (
			);
			runOnlyForDeploymentPostprocessing = 0;
		};
/* End PBXFrameworksBuildPhase section */

/* Begin PBXGroup section */
		FD757A6B1D7E1B5A0046FD6C = {
			isa = PBXGroup;
			children = (
				FD757A761D7E1B5A0046FD6C /* Emoji Dictionary */,
				FD757A751D7E1B5A0046FD6C /* Products */,
			);
			sourceTree = "<group>";
		};
		FD757A751D7E1B5A0046FD6C /* Products */ = {
			isa = PBXGroup;
			children = (
				FD757A741D7E1B5A0046FD6C /* Emoji Dictionary.app */,
			);
			name = Products;
			sourceTree = "<group>";
		};
		FD757A761D7E1B5A0046FD6C /* Emoji Dictionary */ = {
			isa = PBXGroup;
			children = (
				FD757A771D7E1B5A0046FD6C /* AppDelegate.swift */,
				FD757A791D7E1B5A0046FD6C /* ViewController.swift */,
				FD757A7B1D7E1B5A0046FD6C /* Main.storyboard */,
				FDA4F5611D818CEF0026E9CD /* DefinitionViewController.swift */,
				FD757A7E1D7E1B5A0046FD6C /* Assets.xcassets */,
				FD757A801D7E1B5A0046FD6C /* LaunchScreen.storyboard */,
				FD757A831D7E1B5A0046FD6C /* Info.plist */,
			);
			path = "Emoji Dictionary";
			sourceTree = "<group>";
		};
/* End PBXGroup section */

/* Begin PBXNativeTarget section */
		FD757A731D7E1B5A0046FD6C /* Emoji Dictionary */ = {
			isa = PBXNativeTarget;
			buildConfigurationList = FD757A861D7E1B5A0046FD6C /* Build configuration list for PBXNativeTarget "Emoji Dictionary" */;
			buildPhases = (
				FD757A701D7E1B5A0046FD6C /* Sources */,
				FD757A711D7E1B5A0046FD6C /* Frameworks */,
				FD757A721D7E1B5A0046FD6C /* Resources */,
			);
			buildRules = (
			);
			dependencies = (
			);
			name = "Emoji Dictionary";
			productName = "Emoji Dictionary";
			productReference = FD757A741D7E1B5A0046FD6C /* Emoji Dictionary.app */;
			productType = "com.apple.product-type.application";
		};
/* End PBXNativeTarget section */

/* Begin PBXProject section */
		FD757A6C1D7E1B5A0046FD6C /* Project object */ = {
			isa = PBXProject;
			attributes = {
				LastSwiftUpdateCheck = 0800;
				LastUpgradeCheck = 0800;
				ORGANIZATIONNAME = "Łukasz Babst";
				TargetAttributes = {
					FD757A731D7E1B5A0046FD6C = {
						CreatedOnToolsVersion = 8.0;
						ProvisioningStyle = Automatic;
					};
				};
			};
			buildConfigurationList = FD757A6F1D7E1B5A0046FD6C /* Build configuration list for PBXProject "Emoji Dictionary" */;
			compatibilityVersion = "Xcode 3.2";
			developmentRegion = English;
			hasScannedForEncodings = 0;
			knownRegions = (
				en,
				Base,
			);
			mainGroup = FD757A6B1D7E1B5A0046FD6C;
			productRefGroup = FD757A751D7E1B5A0046FD6C /* Products */;
			projectDirPath = "";
			projectRoot = "";
			targets = (
				FD757A731D7E1B5A0046FD6C /* Emoji Dictionary */,
			);
		};
/* End PBXProject section */

/* Begin PBXResourcesBuildPhase section */
		FD757A721D7E1B5A0046FD6C /* Resources */ = {
			isa = PBXResourcesBuildPhase;
			buildActionMask = 2147483647;
			files = (
				FD757A821D7E1B5A0046FD6C /* LaunchScreen.storyboard in Resources */,
				FD757A7F1D7E1B5A0046FD6C /* Assets.xcassets in Resources */,
				FD757A7D1D7E1B5A0046FD6C /* Main.storyboard in Resources */,
			);
			runOnlyForDeploymentPostprocessing = 0;
		};
/* End PBXResourcesBuildPhase section */

/* Begin PBXSourcesBuildPhase section */
		FD757A701D7E1B5A0046FD6C /* Sources */ = {
			isa = PBXSourcesBuildPhase;
			buildActionMask = 2147483647;
			files = (
				FD757A7A1D7E1B5A0046FD6C /* ViewController.swift in Sources */,
				FDA4F5621D818CEF0026E9CD /* DefinitionViewController.swift in Sources */,
				FD757A781D7E1B5A0046FD6C /* AppDelegate.swift in Sources */,
			);
			runOnlyForDeploymentPostprocessing = 0;
		};
/* End PBXSourcesBuildPhase section */

/* Begin PBXVariantGroup section */
		FD757A7B1D7E1B5A0046FD6C /* Main.storyboard */ = {
			isa = PBXVariantGroup;
			children = (
				FD757A7C1D7E1B5A0046FD6C /* Base */,
			);
			name = Main.storyboard;
			sourceTree = "<group>";
		};
		FD757A801D7E1B5A0046FD6C /* LaunchScreen.storyboard */ = {
			isa = PBXVariantGroup;
			children = (
				FD757A811D7E1B5A0046FD6C /* Base */,
			);
			name = LaunchScreen.storyboard;
			sourceTree = "<group>";
		};
/* End PBXVariantGroup section */

/* Begin XCBuildConfiguration section */
		FD757A841D7E1B5A0046FD6C /* Debug */ = {
			isa = XCBuildConfiguration;
			buildSettings = {
				ALWAYS_SEARCH_USER_PATHS = NO;
				CLANG_ANALYZER_NONNULL = YES;
				CLANG_CXX_LANGUAGE_STANDARD = "gnu++0x";
				CLANG_CXX_LIBRARY = "libc++";
				CLANG_ENABLE_MODULES = YES;
				CLANG_ENABLE_OBJC_ARC = YES;
				CLANG_WARN_BOOL_CONVERSION = YES;
				CLANG_WARN_CONSTANT_CONVERSION = YES;
				CLANG_WARN_DIRECT_OBJC_ISA_USAGE = YES_ERROR;
				CLANG_WARN_DOCUMENTATION_COMMENTS = YES;
				CLANG_WARN_EMPTY_BODY = YES;
				CLANG_WARN_ENUM_CONVERSION = YES;
				CLANG_WARN_INFINITE_RECURSION = YES;
				CLANG_WARN_INT_CONVERSION = YES;
				CLANG_WARN_OBJC_ROOT_CLASS = YES_ERROR;
				CLANG_WARN_SUSPICIOUS_MOVES = YES;
				CLANG_WARN_UNREACHABLE_CODE = YES;
				CLANG_WARN__DUPLICATE_METHOD_MATCH = YES;
				"CODE_SIGN_IDENTITY[sdk=iphoneos*]" = "iPhone Developer";
				COPY_PHASE_STRIP = NO;
				DEBUG_INFORMATION_FORMAT = dwarf;
				ENABLE_STRICT_OBJC_MSGSEND = YES;
				ENABLE_TESTABILITY = YES;
				GCC_C_LANGUAGE_STANDARD = gnu99;
				GCC_DYNAMIC_NO_PIC = NO;
				GCC_NO_COMMON_BLOCKS = YES;
				GCC_OPTIMIZATION_LEVEL = 0;
				GCC_PREPROCESSOR_DEFINITIONS = (
					"DEBUG=1",
					"$(inherited)",
				);
				GCC_WARN_64_TO_32_BIT_CONVERSION = YES;
				GCC_WARN_ABOUT_RETURN_TYPE = YES_ERROR;
				GCC_WARN_UNDECLARED_SELECTOR = YES;
				GCC_WARN_UNINITIALIZED_AUTOS = YES_AGGRESSIVE;
				GCC_WARN_UNUSED_FUNCTION = YES;
				GCC_WARN_UNUSED_VARIABLE = YES;
				IPHONEOS_DEPLOYMENT_TARGET = 10.0;
				MTL_ENABLE_DEBUG_INFO = YES;
				ONLY_ACTIVE_ARCH = YES;
				SDKROOT = iphoneos;
				SWIFT_ACTIVE_COMPILATION_CONDITIONS = DEBUG;
				SWIFT_OPTIMIZATION_LEVEL = "-Onone";
				TARGETED_DEVICE_FAMILY = "1,2";
			};
			name = Debug;
		};
		FD757A851D7E1B5A0046FD6C /* Release */ = {
			isa = XCBuildConfiguration;
			buildSettings = {
				ALWAYS_SEARCH_USER_PATHS = NO;
				CLANG_ANALYZER_NONNULL = YES;
				CLANG_CXX_LANGUAGE_STANDARD = "gnu++0x";
				CLANG_CXX_LIBRARY = "libc++";
				CLANG_ENABLE_MODULES = YES;
				CLANG_ENABLE_OBJC_ARC = YES;
				CLANG_WARN_BOOL_CONVERSION = YES;
				CLANG_WARN_CONSTANT_CONVERSION = YES;
				CLANG_WARN_DIRECT_OBJC_ISA_USAGE = YES_ERROR;
				CLANG_WARN_DOCUMENTATION_COMMENTS = YES;
				CLANG_WARN_EMPTY_BODY = YES;
				CLANG_WARN_ENUM_CONVERSION = YES;
				CLANG_WARN_INFINITE_RECURSION = YES;
				CLANG_WARN_INT_CONVERSION = YES;
				CLANG_WARN_OBJC_ROOT_CLASS = YES_ERROR;
				CLANG_WARN_SUSPICIOUS_MOVES = YES;
				CLANG_WARN_UNREACHABLE_CODE = YES;
				CLANG_WARN__DUPLICATE_METHOD_MATCH = YES;
				"CODE_SIGN_IDENTITY[sdk=iphoneos*]" = "iPhone Developer";
				COPY_PHASE_STRIP = NO;
				DEBUG_INFORMATION_FORMAT = "dwarf-with-dsym";
				ENABLE_NS_ASSERTIONS = NO;
				ENABLE_STRICT_OBJC_MSGSEND = YES;
				GCC_C_LANGUAGE_STANDARD = gnu99;
				GCC_NO_COMMON_BLOCKS = YES;
				GCC_WARN_64_TO_32_BIT_CONVERSION = YES;
				GCC_WARN_ABOUT_RETURN_TYPE = YES_ERROR;
				GCC_WARN_UNDECLARED_SELECTOR = YES;
				GCC_WARN_UNINITIALIZED_AUTOS = YES_AGGRESSIVE;
				GCC_WARN_UNUSED_FUNCTION = YES;
				GCC_WARN_UNUSED_VARIABLE = YES;
				IPHONEOS_DEPLOYMENT_TARGET = 10.0;
				MTL_ENABLE_DEBUG_INFO = NO;
				SDKROOT = iphoneos;
				SWIFT_OPTIMIZATION_LEVEL = "-Owholemodule";
				TARGETED_DEVICE_FAMILY = "1,2";
				VALIDATE_PRODUCT = YES;
			};
			name = Release;
		};
		FD757A871D7E1B5A0046FD6C /* Debug */ = {
			isa = XCBuildConfiguration;
			buildSettings = {
				ASSETCATALOG_COMPILER_APPICON_NAME = AppIcon;
				INFOPLIST_FILE = "Emoji Dictionary/Info.plist";
				LD_RUNPATH_SEARCH_PATHS = "$(inherited) @executable_path/Frameworks";
				PRODUCT_BUNDLE_IDENTIFIER = "lukaszbabst.Emoji-Dictionary";
				PRODUCT_NAME = "$(TARGET_NAME)";
				SWIFT_VERSION = 3.0;
			};
			name = Debug;
		};
		FD757A881D7E1B5A0046FD6C /* Release */ = {
			isa = XCBuildConfiguration;
			buildSettings = {
				ASSETCATALOG_COMPILER_APPICON_NAME = AppIcon;
				INFOPLIST_FILE = "Emoji Dictionary/Info.plist";
				LD_RUNPATH_SEARCH_PATHS = "$(inherited) @executable_path/Frameworks";
				PRODUCT_BUNDLE_IDENTIFIER = "lukaszbabst.Emoji-Dictionary";
				PRODUCT_NAME = "$(TARGET_NAME)";
				SWIFT_VERSION = 3.0;
			};
			name = Release;
		};
/* End XCBuildConfiguration section */

/* Begin XCConfigurationList section */
		FD757A6F1D7E1B5A0046FD6C /* Build configuration list for PBXProject "Emoji Dictionary" */ = {
			isa = XCConfigurationList;
			buildConfigurations = (
				FD757A841D7E1B5A0046FD6C /* Debug */,
				FD757A851D7E1B5A0046FD6C /* Release */,
			);
			defaultConfigurationIsVisible = 0;
			defaultConfigurationName = Release;
		};
		FD757A861D7E1B5A0046FD6C /* Build configuration list for PBXNativeTarget "Emoji Dictionary" */ = {
			isa = XCConfigurationList;
			buildConfigurations = (
				FD757A871D7E1B5A0046FD6C /* Debug */,
				FD757A881D7E1B5A0046FD6C /* Release */,
			);
			defaultConfigurationIsVisible = 0;
			defaultConfigurationName = Release;
		};
/* End XCConfigurationList section */
	};
	rootObject = FD757A6C1D7E1B5A0046FD6C /* Project object */;
}
